
Microsoft Visual Studio Solution File, Format Version 12.00
# Visual Studio Version 17
VisualStudioVersion = 17.8.34112.27
MinimumVisualStudioVersion = 10.0.40219.1
Project("{FAE04EC0-301F-11D3-BF4B-00C04F79EFBC}") = "CQRSProject", "CQRSProject\CQRSProject.csproj", "{37B3A739-BB42-40D7-8100-2D397ED2117C}"
EndProject
Global
	GlobalSection(SolutionConfigurationPlatforms) = preSolution
		Debug|Any CPU = Debug|Any CPU
		Release|Any CPU = Release|Any CPU
	EndGlobalSection
	GlobalSection(ProjectConfigurationPlatforms) = postSolution
		{37B3A739-BB42-40D7-8100-2D397ED2117C}.Debug|Any CPU.ActiveCfg = Debug|Any CPU
		{37B3A739-BB42-40D7-8100-2D397ED2117C}.Debug|Any CPU.Build.0 = Debug|Any CPU
		{37B3A739-BB42-40D7-8100-2D397ED2117C}.Release|Any CPU.ActiveCfg = Release|Any CPU
		{37B3A739-BB42-40D7-8100-2D397ED2117C}.Release|Any CPU.Build.0 = Release|Any CPU
	EndGlobalSection
	GlobalSection(SolutionProperties) = preSolution
		HideSolutionNode = FALSE
	EndGlobalSection
	GlobalSection(ExtensibilityGlobals) = postSolution
		SolutionGuid = {C07D6AE8-B967-454B-A76C-18E8D0BC8687}
	EndGlobalSection
EndGlobal
